// !$*UTF8*$!
{
	archiveVersion = 1;
	classes = {
	};
	objectVersion = 77;
	objects = {

/* Begin PBXContainerItemProxy section */
		498F30C12CF525430051698C /* PBXContainerItemProxy */ = {
			isa = PBXContainerItemProxy;
			containerPortal = 498F30A22CF5253C0051698C /* Project object */;
			proxyType = 1;
			remoteGlobalIDString = 498F30A92CF5253C0051698C;
			remoteInfo = Monopoly3;
		};
		498F30CB2CF525430051698C /* PBXContainerItemProxy */ = {
			isa = PBXContainerItemProxy;
			containerPortal = 498F30A22CF5253C0051698C /* Project object */;
			proxyType = 1;
			remoteGlobalIDString = 498F30A92CF5253C0051698C;
			remoteInfo = Monopoly3;
		};
/* End PBXContainerItemProxy section */

/* Begin PBXFileReference section */
		498F30AA2CF5253C0051698C /* Monopoly3.app */ = {isa = PBXFileReference; explicitFileType = wrapper.application; includeInIndex = 0; path = Monopoly3.app; sourceTree = BUILT_PRODUCTS_DIR; };
		498F30C02CF525430051698C /* Monopoly3Tests.xctest */ = {isa = PBXFileReference; explicitFileType = wrapper.cfbundle; includeInIndex = 0; path = Monopoly3Tests.xctest; sourceTree = BUILT_PRODUCTS_DIR; };
		498F30CA2CF525430051698C /* Monopoly3UITests.xctest */ = {isa = PBXFileReference; explicitFileType = wrapper.cfbundle; includeInIndex = 0; path = Monopoly3UITests.xctest; sourceTree = BUILT_PRODUCTS_DIR; };
		498F30EC2CF526100051698C /* Monopoly1.xcodeproj */ = {isa = PBXFileReference; lastKnownFileType = "wrapper.pb-project"; path = Monopoly1.xcodeproj; sourceTree = "<group>"; };
/* End PBXFileReference section */

/* Begin PBXFileSystemSynchronizedBuildFileExceptionSet section */
		498F30D22CF525430051698C /* Exceptions for "Monopoly3" folder in "Monopoly3" target */ = {
			isa = PBXFileSystemSynchronizedBuildFileExceptionSet;
			membershipExceptions = (
				Assets.xcassets,
				BoardSquareTableViewCell.swift,
				Info.plist,
				Monopoly.swift,
				Monopoly1.xcdatamodeld,
				MonopolyTableTableViewController.swift,
				PLayer.swift,
			);
			target = 498F30A92CF5253C0051698C /* Monopoly3 */;
		};
		498F30FF2CF526180051698C /* Exceptions for "Monopoly3" folder in "Monopoly3Tests" target */ = {
			isa = PBXFileSystemSynchronizedBuildFileExceptionSet;
			membershipExceptions = (
				Assets.xcassets,
				BoardSquareTableViewCell.swift,
				Monopoly.swift,
				Monopoly1.xcdatamodeld,
				MonopolyTableTableViewController.swift,
				PLayer.swift,
			);
			target = 498F30BF2CF525430051698C /* Monopoly3Tests */;
		};
/* End PBXFileSystemSynchronizedBuildFileExceptionSet section */

/* Begin PBXFileSystemSynchronizedRootGroup section */
		498F30AC2CF5253C0051698C /* Monopoly3 */ = {
			isa = PBXFileSystemSynchronizedRootGroup;
			exceptions = (
				498F30D22CF525430051698C /* Exceptions for "Monopoly3" folder in "Monopoly3" target */,
				498F30FF2CF526180051698C /* Exceptions for "Monopoly3" folder in "Monopoly3Tests" target */,
			);
			path = Monopoly3;
			sourceTree = "<group>";
		};
		498F30C32CF525430051698C /* Monopoly3Tests */ = {
			isa = PBXFileSystemSynchronizedRootGroup;
			path = Monopoly3Tests;
			sourceTree = "<group>";
		};
		498F30CD2CF525430051698C /* Monopoly3UITests */ = {
			isa = PBXFileSystemSynchronizedRootGroup;
			path = Monopoly3UITests;
			sourceTree = "<group>";
		};
/* End PBXFileSystemSynchronizedRootGroup section */

/* Begin PBXFrameworksBuildPhase section */
		498F30A72CF5253C0051698C /* Frameworks */ = {
			isa = PBXFrameworksBuildPhase;
			buildActionMask = 2147483647;
			files = (
			);
			runOnlyForDeploymentPostprocessing = 0;
		};
		498F30BD2CF525430051698C /* Frameworks */ = {
			isa = PBXFrameworksBuildPhase;
			buildActionMask = 2147483647;
			files = (
			);
			runOnlyForDeploymentPostprocessing = 0;
		};
		498F30C72CF525430051698C /* Frameworks */ = {
			isa = PBXFrameworksBuildPhase;
			buildActionMask = 2147483647;
			files = (
			);
			runOnlyForDeploymentPostprocessing = 0;
		};
/* End PBXFrameworksBuildPhase section */

/* Begin PBXGroup section */
		498F30A12CF5253C0051698C = {
			isa = PBXGroup;
			children = (
				498F30AC2CF5253C0051698C /* Monopoly3 */,
				498F30C32CF525430051698C /* Monopoly3Tests */,
				498F30CD2CF525430051698C /* Monopoly3UITests */,
				498F30AB2CF5253C0051698C /* Products */,
			);
			sourceTree = "<group>";
		};
		498F30AB2CF5253C0051698C /* Products */ = {
			isa = PBXGroup;
			children = (
				498F30AA2CF5253C0051698C /* Monopoly3.app */,
				498F30C02CF525430051698C /* Monopoly3Tests.xctest */,
				498F30CA2CF525430051698C /* Monopoly3UITests.xctest */,
			);
			name = Products;
			sourceTree = "<group>";
		};
		498F31002CF526180051698C /* Products */ = {
			isa = PBXGroup;
			children = (
			);
			name = Products;
			sourceTree = "<group>";
		};
/* End PBXGroup section */

/* Begin PBXNativeTarget section */
		498F30A92CF5253C0051698C /* Monopoly3 */ = {
			isa = PBXNativeTarget;
			buildConfigurationList = 498F30D32CF525430051698C /* Build configuration list for PBXNativeTarget "Monopoly3" */;
			buildPhases = (
				498F30A62CF5253C0051698C /* Sources */,
				498F30A72CF5253C0051698C /* Frameworks */,
				498F30A82CF5253C0051698C /* Resources */,
			);
			buildRules = (
			);
			dependencies = (
			);
			fileSystemSynchronizedGroups = (
				498F30AC2CF5253C0051698C /* Monopoly3 */,
			);
			name = Monopoly3;
			packageProductDependencies = (
			);
			productName = Monopoly3;
			productReference = 498F30AA2CF5253C0051698C /* Monopoly3.app */;
			productType = "com.apple.product-type.application";
		};
		498F30BF2CF525430051698C /* Monopoly3Tests */ = {
			isa = PBXNativeTarget;
			buildConfigurationList = 498F30D82CF525430051698C /* Build configuration list for PBXNativeTarget "Monopoly3Tests" */;
			buildPhases = (
				498F30BC2CF525430051698C /* Sources */,
				498F30BD2CF525430051698C /* Frameworks */,
				498F30BE2CF525430051698C /* Resources */,
			);
			buildRules = (
			);
			dependencies = (
				498F30C22CF525430051698C /* PBXTargetDependency */,
			);
			fileSystemSynchronizedGroups = (
				498F30C32CF525430051698C /* Monopoly3Tests */,
			);
			name = Monopoly3Tests;
			packageProductDependencies = (
			);
			productName = Monopoly3Tests;
			productReference = 498F30C02CF525430051698C /* Monopoly3Tests.xctest */;
			productType = "com.apple.product-type.bundle.unit-test";
		};
		498F30C92CF525430051698C /* Monopoly3UITests */ = {
			isa = PBXNativeTarget;
			buildConfigurationList = 498F30DB2CF525430051698C /* Build configuration list for PBXNativeTarget "Monopoly3UITests" */;
			buildPhases = (
				498F30C62CF525430051698C /* Sources */,
				498F30C72CF525430051698C /* Frameworks */,
				498F30C82CF525430051698C /* Resources */,
			);
			buildRules = (
			);
			dependencies = (
				498F30CC2CF525430051698C /* PBXTargetDependency */,
			);
			fileSystemSynchronizedGroups = (
				498F30CD2CF525430051698C /* Monopoly3UITests */,
			);
			name = Monopoly3UITests;
			packageProductDependencies = (
			);
			productName = Monopoly3UITests;
			productReference = 498F30CA2CF525430051698C /* Monopoly3UITests.xctest */;
			productType = "com.apple.product-type.bundle.ui-testing";
		};
/* End PBXNativeTarget section */

/* Begin PBXProject section */
		498F30A22CF5253C0051698C /* Project object */ = {
			isa = PBXProject;
			attributes = {
				BuildIndependentTargetsInParallel = 1;
				LastSwiftUpdateCheck = 1610;
				LastUpgradeCheck = 1610;
				TargetAttributes = {
					498F30A92CF5253C0051698C = {
						CreatedOnToolsVersion = 16.1;
					};
					498F30BF2CF525430051698C = {
						CreatedOnToolsVersion = 16.1;
						TestTargetID = 498F30A92CF5253C0051698C;
					};
					498F30C92CF525430051698C = {
						CreatedOnToolsVersion = 16.1;
						TestTargetID = 498F30A92CF5253C0051698C;
					};
				};
			};
			buildConfigurationList = 498F30A52CF5253C0051698C /* Build configuration list for PBXProject "Monopoly3" */;
			developmentRegion = en;
			hasScannedForEncodings = 0;
			knownRegions = (
				en,
				Base,
			);
			mainGroup = 498F30A12CF5253C0051698C;
			minimizedProjectReferenceProxies = 1;
			preferredProjectObjectVersion = 77;
			productRefGroup = 498F30AB2CF5253C0051698C /* Products */;
			projectDirPath = "";
			projectReferences = (
				{
					ProductGroup = 498F31002CF526180051698C /* Products */;
					ProjectRef = 498F30EC2CF526100051698C /* Monopoly1.xcodeproj */;
				},
			);
			projectRoot = "";
			targets = (
				498F30A92CF5253C0051698C /* Monopoly3 */,
				498F30BF2CF525430051698C /* Monopoly3Tests */,
				498F30C92CF525430051698C /* Monopoly3UITests */,
			);
		};
/* End PBXProject section */

/* Begin PBXResourcesBuildPhase section */
		498F30A82CF5253C0051698C /* Resources */ = {
			isa = PBXResourcesBuildPhase;
			buildActionMask = 2147483647;
			files = (
			);
			runOnlyForDeploymentPostprocessing = 0;
		};
		498F30BE2CF525430051698C /* Resources */ = {
			isa = PBXResourcesBuildPhase;
			buildActionMask = 2147483647;
			files = (
			);
			runOnlyForDeploymentPostprocessing = 0;
		};
		498F30C82CF525430051698C /* Resources */ = {
			isa = PBXResourcesBuildPhase;
			buildActionMask = 2147483647;
			files = (
			);
			runOnlyForDeploymentPostprocessing = 0;
		};
/* End PBXResourcesBuildPhase section */

/* Begin PBXSourcesBuildPhase section */
		498F30A62CF5253C0051698C /* Sources */ = {
			isa = PBXSourcesBuildPhase;
			buildActionMask = 2147483647;
			files = (
			);
			runOnlyForDeploymentPostprocessing = 0;
		};
		498F30BC2CF525430051698C /* Sources */ = {
			isa = PBXSourcesBuildPhase;
			buildActionMask = 2147483647;
			files = (
			);
			runOnlyForDeploymentPostprocessing = 0;
		};
		498F30C62CF525430051698C /* Sources */ = {
			isa = PBXSourcesBuildPhase;
			buildActionMask = 2147483647;
			files = (
			);
			runOnlyForDeploymentPostprocessing = 0;
		};
/* End PBXSourcesBuildPhase section */

/* Begin PBXTargetDependency section */
		498F30C22CF525430051698C /* PBXTargetDependency */ = {
			isa = PBXTargetDependency;
			target = 498F30A92CF5253C0051698C /* Monopoly3 */;
			targetProxy = 498F30C12CF525430051698C /* PBXContainerItemProxy */;
		};
		498F30CC2CF525430051698C /* PBXTargetDependency */ = {
			isa = PBXTargetDependency;
			target = 498F30A92CF5253C0051698C /* Monopoly3 */;
			targetProxy = 498F30CB2CF525430051698C /* PBXContainerItemProxy */;
		};
/* End PBXTargetDependency section */

/* Begin XCBuildConfiguration section */
		498F30D42CF525430051698C /* Debug */ = {
			isa = XCBuildConfiguration;
			buildSettings = {
				ASSETCATALOG_COMPILER_APPICON_NAME = AppIcon;
				ASSETCATALOG_COMPILER_GLOBAL_ACCENT_COLOR_NAME = AccentColor;
				CODE_SIGN_STYLE = Automatic;
				CURRENT_PROJECT_VERSION = 1;
				DEVELOPMENT_TEAM = HUSSB9QG5P;
				GENERATE_INFOPLIST_FILE = YES;
				INFOPLIST_FILE = Monopoly3/Info.plist;
				INFOPLIST_KEY_UIApplicationSupportsIndirectInputEvents = YES;
				INFOPLIST_KEY_UILaunchStoryboardName = LaunchScreen;
				INFOPLIST_KEY_UIMainStoryboardFile = Main;
				INFOPLIST_KEY_UISupportedInterfaceOrientations_iPad = "UIInterfaceOrientationPortrait UIInterfaceOrientationPortraitUpsideDown UIInterfaceOrientationLandscapeLeft UIInterfaceOrientationLandscapeRight";
				INFOPLIST_KEY_UISupportedInterfaceOrientations_iPhone = "UIInterfaceOrientationPortrait UIInterfaceOrientationLandscapeLeft UIInterfaceOrientationLandscapeRight";
				LD_RUNPATH_SEARCH_PATHS = (
					"$(inherited)",
					"@executable_path/Frameworks",
				);
				MARKETING_VERSION = 1.0;
				PRODUCT_BUNDLE_IDENTIFIER = ACC.Monopoly3;
				PRODUCT_NAME = "$(TARGET_NAME)";
				SWIFT_EMIT_LOC_STRINGS = YES;
				SWIFT_VERSION = 5.0;
				TARGETED_DEVICE_FAMILY = "1,2";
			};
			name = Debug;
		};
		498F30D52CF525430051698C /* Release */ = {
			isa = XCBuildConfiguration;
			buildSettings = {
				ASSETCATALOG_COMPILER_APPICON_NAME = AppIcon;
				ASSETCATALOG_COMPILER_GLOBAL_ACCENT_COLOR_NAME = AccentColor;
				CODE_SIGN_STYLE = Automatic;
				CURRENT_PROJECT_VERSION = 1;
				DEVELOPMENT_TEAM = HUSSB9QG5P;
				GENERATE_INFOPLIST_FILE = YES;
				INFOPLIST_FILE = Monopoly3/Info.plist;
				INFOPLIST_KEY_UIApplicationSupportsIndirectInputEvents = YES;
				INFOPLIST_KEY_UILaunchStoryboardName = LaunchScreen;
				INFOPLIST_KEY_UIMainStoryboardFile = Main;
				INFOPLIST_KEY_UISupportedInterfaceOrientations_iPad = "UIInterfaceOrientationPortrait UIInterfaceOrientationPortraitUpsideDown UIInterfaceOrientationLandscapeLeft UIInterfaceOrientationLandscapeRight";
				INFOPLIST_KEY_UISupportedInterfaceOrientations_iPhone = "UIInterfaceOrientationPortrait UIInterfaceOrientationLandscapeLeft UIInterfaceOrientationLandscapeRight";
				LD_RUNPATH_SEARCH_PATHS = (
					"$(inherited)",
					"@executable_path/Frameworks",
				);
				MARKETING_VERSION = 1.0;
				PRODUCT_BUNDLE_IDENTIFIER = ACC.Monopoly3;
				PRODUCT_NAME = "$(TARGET_NAME)";
				SWIFT_EMIT_LOC_STRINGS = YES;
				SWIFT_VERSION = 5.0;
				TARGETED_DEVICE_FAMILY = "1,2";
			};
			name = Release;
		};
		498F30D62CF525430051698C /* Debug */ = {
			isa = XCBuildConfiguration;
			buildSettings = {
				ALWAYS_SEARCH_USER_PATHS = NO;
				ASSETCATALOG_COMPILER_GENERATE_SWIFT_ASSET_SYMBOL_EXTENSIONS = YES;
				CLANG_ANALYZER_NONNULL = YES;
				CLANG_ANALYZER_NUMBER_OBJECT_CONVERSION = YES_AGGRESSIVE;
				CLANG_CXX_LANGUAGE_STANDARD = "gnu++20";
				CLANG_ENABLE_MODULES = YES;
				CLANG_ENABLE_OBJC_ARC = YES;
				CLANG_ENABLE_OBJC_WEAK = YES;
				CLANG_WARN_BLOCK_CAPTURE_AUTORELEASING = YES;
				CLANG_WARN_BOOL_CONVERSION = YES;
				CLANG_WARN_COMMA = YES;
				CLANG_WARN_CONSTANT_CONVERSION = YES;
				CLANG_WARN_DEPRECATED_OBJC_IMPLEMENTATIONS = YES;
				CLANG_WARN_DIRECT_OBJC_ISA_USAGE = YES_ERROR;
				CLANG_WARN_DOCUMENTATION_COMMENTS = YES;
				CLANG_WARN_EMPTY_BODY = YES;
				CLANG_WARN_ENUM_CONVERSION = YES;
				CLANG_WARN_INFINITE_RECURSION = YES;
				CLANG_WARN_INT_CONVERSION = YES;
				CLANG_WARN_NON_LITERAL_NULL_CONVERSION = YES;
				CLANG_WARN_OBJC_IMPLICIT_RETAIN_SELF = YES;
				CLANG_WARN_OBJC_LITERAL_CONVERSION = YES;
				CLANG_WARN_OBJC_ROOT_CLASS = YES_ERROR;
				CLANG_WARN_QUOTED_INCLUDE_IN_FRAMEWORK_HEADER = YES;
				CLANG_WARN_RANGE_LOOP_ANALYSIS = YES;
				CLANG_WARN_STRICT_PROTOTYPES = YES;
				CLANG_WARN_SUSPICIOUS_MOVE = YES;
				CLANG_WARN_UNGUARDED_AVAILABILITY = YES_AGGRESSIVE;
				CLANG_WARN_UNREACHABLE_CODE = YES;
				CLANG_WARN__DUPLICATE_METHOD_MATCH = YES;
				COPY_PHASE_STRIP = NO;
				DEBUG_INFORMATION_FORMAT = dwarf;
				ENABLE_STRICT_OBJC_MSGSEND = YES;
				ENABLE_TESTABILITY = YES;
				ENABLE_USER_SCRIPT_SANDBOXING = YES;
				GCC_C_LANGUAGE_STANDARD = gnu17;
				GCC_DYNAMIC_NO_PIC = NO;
				GCC_NO_COMMON_BLOCKS = YES;
				GCC_OPTIMIZATION_LEVEL = 0;
				GCC_PREPROCESSOR_DEFINITIONS = (
					"DEBUG=1",
					"$(inherited)",
				);
				GCC_WARN_64_TO_32_BIT_CONVERSION = YES;
				GCC_WARN_ABOUT_RETURN_TYPE = YES_ERROR;
				GCC_WARN_UNDECLARED_SELECTOR = YES;
				GCC_WARN_UNINITIALIZED_AUTOS = YES_AGGRESSIVE;
				GCC_WARN_UNUSED_FUNCTION = YES;
				GCC_WARN_UNUSED_VARIABLE = YES;
				IPHONEOS_DEPLOYMENT_TARGET = 18.1;
				LOCALIZATION_PREFERS_STRING_CATALOGS = YES;
				MTL_ENABLE_DEBUG_INFO = INCLUDE_SOURCE;
				MTL_FAST_MATH = YES;
				ONLY_ACTIVE_ARCH = YES;
				SDKROOT = iphoneos;
				SWIFT_ACTIVE_COMPILATION_CONDITIONS = "DEBUG $(inherited)";
				SWIFT_OPTIMIZATION_LEVEL = "-Onone";
			};
			name = Debug;
		};
		498F30D72CF525430051698C /* Release */ = {
			isa = XCBuildConfiguration;
			buildSettings = {
				ALWAYS_SEARCH_USER_PATHS = NO;
				ASSETCATALOG_COMPILER_GENERATE_SWIFT_ASSET_SYMBOL_EXTENSIONS = YES;
				CLANG_ANALYZER_NONNULL = YES;
				CLANG_ANALYZER_NUMBER_OBJECT_CONVERSION = YES_AGGRESSIVE;
				CLANG_CXX_LANGUAGE_STANDARD = "gnu++20";
				CLANG_ENABLE_MODULES = YES;
				CLANG_ENABLE_OBJC_ARC = YES;
				CLANG_ENABLE_OBJC_WEAK = YES;
				CLANG_WARN_BLOCK_CAPTURE_AUTORELEASING = YES;
				CLANG_WARN_BOOL_CONVERSION = YES;
				CLANG_WARN_COMMA = YES;
				CLANG_WARN_CONSTANT_CONVERSION = YES;
				CLANG_WARN_DEPRECATED_OBJC_IMPLEMENTATIONS = YES;
				CLANG_WARN_DIRECT_OBJC_ISA_USAGE = YES_ERROR;
				CLANG_WARN_DOCUMENTATION_COMMENTS = YES;
				CLANG_WARN_EMPTY_BODY = YES;
				CLANG_WARN_ENUM_CONVERSION = YES;
				CLANG_WARN_INFINITE_RECURSION = YES;
				CLANG_WARN_INT_CONVERSION = YES;
				CLANG_WARN_NON_LITERAL_NULL_CONVERSION = YES;
				CLANG_WARN_OBJC_IMPLICIT_RETAIN_SELF = YES;
				CLANG_WARN_OBJC_LITERAL_CONVERSION = YES;
				CLANG_WARN_OBJC_ROOT_CLASS = YES_ERROR;
				CLANG_WARN_QUOTED_INCLUDE_IN_FRAMEWORK_HEADER = YES;
				CLANG_WARN_RANGE_LOOP_ANALYSIS = YES;
				CLANG_WARN_STRICT_PROTOTYPES = YES;
				CLANG_WARN_SUSPICIOUS_MOVE = YES;
				CLANG_WARN_UNGUARDED_AVAILABILITY = YES_AGGRESSIVE;
				CLANG_WARN_UNREACHABLE_CODE = YES;
				CLANG_WARN__DUPLICATE_METHOD_MATCH = YES;
				COPY_PHASE_STRIP = NO;
				DEBUG_INFORMATION_FORMAT = "dwarf-with-dsym";
				ENABLE_NS_ASSERTIONS = NO;
				ENABLE_STRICT_OBJC_MSGSEND = YES;
				ENABLE_USER_SCRIPT_SANDBOXING = YES;
				GCC_C_LANGUAGE_STANDARD = gnu17;
				GCC_NO_COMMON_BLOCKS = YES;
				GCC_WARN_64_TO_32_BIT_CONVERSION = YES;
				GCC_WARN_ABOUT_RETURN_TYPE = YES_ERROR;
				GCC_WARN_UNDECLARED_SELECTOR = YES;
				GCC_WARN_UNINITIALIZED_AUTOS = YES_AGGRESSIVE;
				GCC_WARN_UNUSED_FUNCTION = YES;
				GCC_WARN_UNUSED_VARIABLE = YES;
				IPHONEOS_DEPLOYMENT_TARGET = 18.1;
				LOCALIZATION_PREFERS_STRING_CATALOGS = YES;
				MTL_ENABLE_DEBUG_INFO = NO;
				MTL_FAST_MATH = YES;
				SDKROOT = iphoneos;
				SWIFT_COMPILATION_MODE = wholemodule;
				VALIDATE_PRODUCT = YES;
			};
			name = Release;
		};
		498F30D92CF525430051698C /* Debug */ = {
			isa = XCBuildConfiguration;
			buildSettings = {
				BUNDLE_LOADER = "$(TEST_HOST)";
				CODE_SIGN_STYLE = Automatic;
				CURRENT_PROJECT_VERSION = 1;
				DEVELOPMENT_TEAM = HUSSB9QG5P;
				GENERATE_INFOPLIST_FILE = YES;
				IPHONEOS_DEPLOYMENT_TARGET = 18.1;
				MARKETING_VERSION = 1.0;
				PRODUCT_BUNDLE_IDENTIFIER = ACC.Monopoly3Tests;
				PRODUCT_NAME = "$(TARGET_NAME)";
				SWIFT_EMIT_LOC_STRINGS = NO;
				SWIFT_VERSION = 5.0;
				TARGETED_DEVICE_FAMILY = "1,2";
				TEST_HOST = "$(BUILT_PRODUCTS_DIR)/Monopoly3.app/$(BUNDLE_EXECUTABLE_FOLDER_PATH)/Monopoly3";
			};
			name = Debug;
		};
		498F30DA2CF525430051698C /* Release */ = {
			isa = XCBuildConfiguration;
			buildSettings = {
				BUNDLE_LOADER = "$(TEST_HOST)";
				CODE_SIGN_STYLE = Automatic;
				CURRENT_PROJECT_VERSION = 1;
				DEVELOPMENT_TEAM = HUSSB9QG5P;
				GENERATE_INFOPLIST_FILE = YES;
				IPHONEOS_DEPLOYMENT_TARGET = 18.1;
				MARKETING_VERSION = 1.0;
				PRODUCT_BUNDLE_IDENTIFIER = ACC.Monopoly3Tests;
				PRODUCT_NAME = "$(TARGET_NAME)";
				SWIFT_EMIT_LOC_STRINGS = NO;
				SWIFT_VERSION = 5.0;
				TARGETED_DEVICE_FAMILY = "1,2";
				TEST_HOST = "$(BUILT_PRODUCTS_DIR)/Monopoly3.app/$(BUNDLE_EXECUTABLE_FOLDER_PATH)/Monopoly3";
			};
			name = Release;
		};
		498F30DC2CF525430051698C /* Debug */ = {
			isa = XCBuildConfiguration;
			buildSettings = {
				CODE_SIGN_STYLE = Automatic;
				CURRENT_PROJECT_VERSION = 1;
				DEVELOPMENT_TEAM = HUSSB9QG5P;
				GENERATE_INFOPLIST_FILE = YES;
				MARKETING_VERSION = 1.0;
				PRODUCT_BUNDLE_IDENTIFIER = ACC.Monopoly3UITests;
				PRODUCT_NAME = "$(TARGET_NAME)";
				SWIFT_EMIT_LOC_STRINGS = NO;
				SWIFT_VERSION = 5.0;
				TARGETED_DEVICE_FAMILY = "1,2";
				TEST_TARGET_NAME = Monopoly3;
			};
			name = Debug;
		};
		498F30DD2CF525430051698C /* Release */ = {
			isa = XCBuildConfiguration;
			buildSettings = {
				CODE_SIGN_STYLE = Automatic;
				CURRENT_PROJECT_VERSION = 1;
				DEVELOPMENT_TEAM = HUSSB9QG5P;
				GENERATE_INFOPLIST_FILE = YES;
				MARKETING_VERSION = 1.0;
				PRODUCT_BUNDLE_IDENTIFIER = ACC.Monopoly3UITests;
				PRODUCT_NAME = "$(TARGET_NAME)";
				SWIFT_EMIT_LOC_STRINGS = NO;
				SWIFT_VERSION = 5.0;
				TARGETED_DEVICE_FAMILY = "1,2";
				TEST_TARGET_NAME = Monopoly3;
			};
			name = Release;
		};
/* End XCBuildConfiguration section */

/* Begin XCConfigurationList section */
		498F30A52CF5253C0051698C /* Build configuration list for PBXProject "Monopoly3" */ = {
			isa = XCConfigurationList;
			buildConfigurations = (
				498F30D62CF525430051698C /* Debug */,
				498F30D72CF525430051698C /* Release */,
			);
			defaultConfigurationIsVisible = 0;
			defaultConfigurationName = Release;
		};
		498F30D32CF525430051698C /* Build configuration list for PBXNativeTarget "Monopoly3" */ = {
			isa = XCConfigurationList;
			buildConfigurations = (
				498F30D42CF525430051698C /* Debug */,
				498F30D52CF525430051698C /* Release */,
			);
			defaultConfigurationIsVisible = 0;
			defaultConfigurationName = Release;
		};
		498F30D82CF525430051698C /* Build configuration list for PBXNativeTarget "Monopoly3Tests" */ = {
			isa = XCConfigurationList;
			buildConfigurations = (
				498F30D92CF525430051698C /* Debug */,
				498F30DA2CF525430051698C /* Release */,
			);
			defaultConfigurationIsVisible = 0;
			defaultConfigurationName = Release;
		};
		498F30DB2CF525430051698C /* Build configuration list for PBXNativeTarget "Monopoly3UITests" */ = {
			isa = XCConfigurationList;
			buildConfigurations = (
				498F30DC2CF525430051698C /* Debug */,
				498F30DD2CF525430051698C /* Release */,
			);
			defaultConfigurationIsVisible = 0;
			defaultConfigurationName = Release;
		};
/* End XCConfigurationList section */
	};
	rootObject = 498F30A22CF5253C0051698C /* Project object */;
}
